
Microsoft Visual Studio Solution File, Format Version 12.00
# Visual Studio Version 17
VisualStudioVersion = 17.8.34525.116
MinimumVisualStudioVersion = 10.0.40219.1
Project("{FAE04EC0-301F-11D3-BF4B-00C04F79EFBC}") = "calculator", "calculator.csproj", "{5C0B8359-AF38-47D6-BBC4-AE4CF6A93683}"
EndProject
Global
	GlobalSection(SolutionConfigurationPlatforms) = preSolution
		Debug|Any CPU = Debug|Any CPU
		Release|Any CPU = Release|Any CPU
	EndGlobalSection
	GlobalSection(ProjectConfigurationPlatforms) = postSolution
		{5C0B8359-AF38-47D6-BBC4-AE4CF6A93683}.Debug|Any CPU.ActiveCfg = Debug|Any CPU
		{5C0B8359-AF38-47D6-BBC4-AE4CF6A93683}.Debug|Any CPU.Build.0 = Debug|Any CPU
		{5C0B8359-AF38-47D6-BBC4-AE4CF6A93683}.Release|Any CPU.ActiveCfg = Release|Any CPU
		{5C0B8359-AF38-47D6-BBC4-AE4CF6A93683}.Release|Any CPU.Build.0 = Release|Any CPU
	EndGlobalSection
	GlobalSection(SolutionProperties) = preSolution
		HideSolutionNode = FALSE
	EndGlobalSection
	GlobalSection(ExtensibilityGlobals) = postSolution
		SolutionGuid = {A31B6DF1-092A-4511-96C0-8A25A2420378}
	EndGlobalSection
EndGlobal
